// !$*UTF8*$!
{
	archiveVersion = 1;
	classes = {
	};
	objectVersion = 56;
	objects = {

/* Begin PBXBuildFile section */
		2DCD7F3129AFD8D2005536FA /* AppDelegate.swift in Sources */ = {isa = PBXBuildFile; fileRef = 2DCD7F3029AFD8D2005536FA /* AppDelegate.swift */; };
		2DCD7F3329AFD8D2005536FA /* SceneDelegate.swift in Sources */ = {isa = PBXBuildFile; fileRef = 2DCD7F3229AFD8D2005536FA /* SceneDelegate.swift */; };
		2DCD7F3A29AFD8D3005536FA /* Assets.xcassets in Resources */ = {isa = PBXBuildFile; fileRef = 2DCD7F3929AFD8D3005536FA /* Assets.xcassets */; };
		2DCD7F3D29AFD8D3005536FA /* LaunchScreen.storyboard in Resources */ = {isa = PBXBuildFile; fileRef = 2DCD7F3B29AFD8D3005536FA /* LaunchScreen.storyboard */; };
		2DCD7F4929AFDA00005536FA /* BaseTabBarController.swift in Sources */ = {isa = PBXBuildFile; fileRef = 2DCD7F4829AFDA00005536FA /* BaseTabBarController.swift */; };
		2DCD7F4F29AFDA65005536FA /* HomeTableController.swift in Sources */ = {isa = PBXBuildFile; fileRef = 2DCD7F4E29AFDA65005536FA /* HomeTableController.swift */; };
		2DCD7F5129AFDA75005536FA /* SearchController.swift in Sources */ = {isa = PBXBuildFile; fileRef = 2DCD7F5029AFDA75005536FA /* SearchController.swift */; };
		2DCD7F5329AFDA8B005536FA /* NotificationTableController.swift in Sources */ = {isa = PBXBuildFile; fileRef = 2DCD7F5229AFDA8B005536FA /* NotificationTableController.swift */; };
		2DCD7F5529AFDA96005536FA /* MessageTableController.swift in Sources */ = {isa = PBXBuildFile; fileRef = 2DCD7F5429AFDA96005536FA /* MessageTableController.swift */; };
		2DCD7F5929AFE3CF005536FA /* HomeNavigationController.swift in Sources */ = {isa = PBXBuildFile; fileRef = 2DCD7F5829AFE3CF005536FA /* HomeNavigationController.swift */; };
		2DCD7F6029AFE907005536FA /* SnapKit in Frameworks */ = {isa = PBXBuildFile; productRef = 2DCD7F5F29AFE907005536FA /* SnapKit */; };
		2DCD7F6329AFECDF005536FA /* UIButton+.swift in Sources */ = {isa = PBXBuildFile; fileRef = 2DCD7F6229AFECDF005536FA /* UIButton+.swift */; };
		2DCD7F6529AFED6A005536FA /* Divider.swift in Sources */ = {isa = PBXBuildFile; fileRef = 2DCD7F6429AFED6A005536FA /* Divider.swift */; };
		2DCD7F6729AFEDD9005536FA /* UIView+.swift in Sources */ = {isa = PBXBuildFile; fileRef = 2DCD7F6629AFEDD9005536FA /* UIView+.swift */; };
/* End PBXBuildFile section */

/* Begin PBXFileReference section */
		2DCD7F2D29AFD8D2005536FA /* Twitter-Clone.app */ = {isa = PBXFileReference; explicitFileType = wrapper.application; includeInIndex = 0; path = "Twitter-Clone.app"; sourceTree = BUILT_PRODUCTS_DIR; };
		2DCD7F3029AFD8D2005536FA /* AppDelegate.swift */ = {isa = PBXFileReference; lastKnownFileType = sourcecode.swift; path = AppDelegate.swift; sourceTree = "<group>"; };
		2DCD7F3229AFD8D2005536FA /* SceneDelegate.swift */ = {isa = PBXFileReference; lastKnownFileType = sourcecode.swift; path = SceneDelegate.swift; sourceTree = "<group>"; };
		2DCD7F3929AFD8D3005536FA /* Assets.xcassets */ = {isa = PBXFileReference; lastKnownFileType = folder.assetcatalog; path = Assets.xcassets; sourceTree = "<group>"; };
		2DCD7F3C29AFD8D3005536FA /* Base */ = {isa = PBXFileReference; lastKnownFileType = file.storyboard; name = Base; path = Base.lproj/LaunchScreen.storyboard; sourceTree = "<group>"; };
		2DCD7F3E29AFD8D3005536FA /* Info.plist */ = {isa = PBXFileReference; lastKnownFileType = text.plist.xml; path = Info.plist; sourceTree = "<group>"; };
		2DCD7F4829AFDA00005536FA /* BaseTabBarController.swift */ = {isa = PBXFileReference; lastKnownFileType = sourcecode.swift; path = BaseTabBarController.swift; sourceTree = "<group>"; };
		2DCD7F4E29AFDA65005536FA /* HomeTableController.swift */ = {isa = PBXFileReference; lastKnownFileType = sourcecode.swift; path = HomeTableController.swift; sourceTree = "<group>"; };
		2DCD7F5029AFDA75005536FA /* SearchController.swift */ = {isa = PBXFileReference; lastKnownFileType = sourcecode.swift; path = SearchController.swift; sourceTree = "<group>"; };
		2DCD7F5229AFDA8B005536FA /* NotificationTableController.swift */ = {isa = PBXFileReference; lastKnownFileType = sourcecode.swift; path = NotificationTableController.swift; sourceTree = "<group>"; };
		2DCD7F5429AFDA96005536FA /* MessageTableController.swift */ = {isa = PBXFileReference; lastKnownFileType = sourcecode.swift; path = MessageTableController.swift; sourceTree = "<group>"; };
		2DCD7F5829AFE3CF005536FA /* HomeNavigationController.swift */ = {isa = PBXFileReference; lastKnownFileType = sourcecode.swift; path = HomeNavigationController.swift; sourceTree = "<group>"; };
		2DCD7F6229AFECDF005536FA /* UIButton+.swift */ = {isa = PBXFileReference; lastKnownFileType = sourcecode.swift; path = "UIButton+.swift"; sourceTree = "<group>"; };
		2DCD7F6429AFED6A005536FA /* Divider.swift */ = {isa = PBXFileReference; lastKnownFileType = sourcecode.swift; path = Divider.swift; sourceTree = "<group>"; };
		2DCD7F6629AFEDD9005536FA /* UIView+.swift */ = {isa = PBXFileReference; lastKnownFileType = sourcecode.swift; path = "UIView+.swift"; sourceTree = "<group>"; };
/* End PBXFileReference section */

/* Begin PBXFrameworksBuildPhase section */
		2DCD7F2A29AFD8D2005536FA /* Frameworks */ = {
			isa = PBXFrameworksBuildPhase;
			buildActionMask = 2147483647;
			files = (
				2DCD7F6029AFE907005536FA /* SnapKit in Frameworks */,
			);
			runOnlyForDeploymentPostprocessing = 0;
		};
/* End PBXFrameworksBuildPhase section */

/* Begin PBXGroup section */
		2DCD7F2429AFD8D2005536FA = {
			isa = PBXGroup;
			children = (
				2DCD7F2F29AFD8D2005536FA /* Twitter-Clone */,
				2DCD7F2E29AFD8D2005536FA /* Products */,
			);
			sourceTree = "<group>";
		};
		2DCD7F2E29AFD8D2005536FA /* Products */ = {
			isa = PBXGroup;
			children = (
				2DCD7F2D29AFD8D2005536FA /* Twitter-Clone.app */,
			);
			name = Products;
			sourceTree = "<group>";
		};
		2DCD7F2F29AFD8D2005536FA /* Twitter-Clone */ = {
			isa = PBXGroup;
			children = (
				2DCD7F6129AFECD5005536FA /* Helpers */,
				2DCD7F4529AFD95B005536FA /* Resources */,
				2DCD7F4429AFD953005536FA /* App */,
				2DCD7F4629AFD974005536FA /* Scenes */,
			);
			path = "Twitter-Clone";
			sourceTree = "<group>";
		};
		2DCD7F4429AFD953005536FA /* App */ = {
			isa = PBXGroup;
			children = (
				2DCD7F3029AFD8D2005536FA /* AppDelegate.swift */,
				2DCD7F3229AFD8D2005536FA /* SceneDelegate.swift */,
			);
			path = App;
			sourceTree = "<group>";
		};
		2DCD7F4529AFD95B005536FA /* Resources */ = {
			isa = PBXGroup;
			children = (
				2DCD7F3929AFD8D3005536FA /* Assets.xcassets */,
				2DCD7F3B29AFD8D3005536FA /* LaunchScreen.storyboard */,
				2DCD7F3E29AFD8D3005536FA /* Info.plist */,
			);
			path = Resources;
			sourceTree = "<group>";
		};
		2DCD7F4629AFD974005536FA /* Scenes */ = {
			isa = PBXGroup;
			children = (
				2DCD7F4D29AFDA41005536FA /* Message */,
				2DCD7F4C29AFDA39005536FA /* Notification */,
				2DCD7F4B29AFDA34005536FA /* Search */,
				2DCD7F4A29AFDA2F005536FA /* Home */,
				2DCD7F4729AFD9EA005536FA /* TabBar */,
			);
			path = Scenes;
			sourceTree = "<group>";
		};
		2DCD7F4729AFD9EA005536FA /* TabBar */ = {
			isa = PBXGroup;
			children = (
				2DCD7F4829AFDA00005536FA /* BaseTabBarController.swift */,
			);
			path = TabBar;
			sourceTree = "<group>";
		};
		2DCD7F4A29AFDA2F005536FA /* Home */ = {
			isa = PBXGroup;
			children = (
				2DCD7F4E29AFDA65005536FA /* HomeTableController.swift */,
				2DCD7F5829AFE3CF005536FA /* HomeNavigationController.swift */,
			);
			path = Home;
			sourceTree = "<group>";
		};
		2DCD7F4B29AFDA34005536FA /* Search */ = {
			isa = PBXGroup;
			children = (
				2DCD7F5029AFDA75005536FA /* SearchController.swift */,
			);
			path = Search;
			sourceTree = "<group>";
		};
		2DCD7F4C29AFDA39005536FA /* Notification */ = {
			isa = PBXGroup;
			children = (
				2DCD7F5229AFDA8B005536FA /* NotificationTableController.swift */,
			);
			path = Notification;
			sourceTree = "<group>";
		};
		2DCD7F4D29AFDA41005536FA /* Message */ = {
			isa = PBXGroup;
			children = (
				2DCD7F5429AFDA96005536FA /* MessageTableController.swift */,
			);
			path = Message;
			sourceTree = "<group>";
		};
		2DCD7F6129AFECD5005536FA /* Helpers */ = {
			isa = PBXGroup;
			children = (
				2DCD7F6229AFECDF005536FA /* UIButton+.swift */,
				2DCD7F6429AFED6A005536FA /* Divider.swift */,
				2DCD7F6629AFEDD9005536FA /* UIView+.swift */,
			);
			path = Helpers;
			sourceTree = "<group>";
		};
/* End PBXGroup section */

/* Begin PBXNativeTarget section */
		2DCD7F2C29AFD8D2005536FA /* Twitter-Clone */ = {
			isa = PBXNativeTarget;
			buildConfigurationList = 2DCD7F4129AFD8D3005536FA /* Build configuration list for PBXNativeTarget "Twitter-Clone" */;
			buildPhases = (
				2DCD7F2929AFD8D2005536FA /* Sources */,
				2DCD7F2A29AFD8D2005536FA /* Frameworks */,
				2DCD7F2B29AFD8D2005536FA /* Resources */,
			);
			buildRules = (
			);
			dependencies = (
			);
			name = "Twitter-Clone";
			packageProductDependencies = (
				2DCD7F5F29AFE907005536FA /* SnapKit */,
			);
			productName = "Twitter-Clone";
			productReference = 2DCD7F2D29AFD8D2005536FA /* Twitter-Clone.app */;
			productType = "com.apple.product-type.application";
		};
/* End PBXNativeTarget section */

/* Begin PBXProject section */
		2DCD7F2529AFD8D2005536FA /* Project object */ = {
			isa = PBXProject;
			attributes = {
				BuildIndependentTargetsInParallel = 1;
				LastSwiftUpdateCheck = 1420;
				LastUpgradeCheck = 1420;
				TargetAttributes = {
					2DCD7F2C29AFD8D2005536FA = {
						CreatedOnToolsVersion = 14.2;
					};
				};
			};
			buildConfigurationList = 2DCD7F2829AFD8D2005536FA /* Build configuration list for PBXProject "Twitter-Clone" */;
			compatibilityVersion = "Xcode 14.0";
			developmentRegion = en;
			hasScannedForEncodings = 0;
			knownRegions = (
				en,
				Base,
			);
			mainGroup = 2DCD7F2429AFD8D2005536FA;
			packageReferences = (
				2DCD7F5E29AFE907005536FA /* XCRemoteSwiftPackageReference "SnapKit" */,
			);
			productRefGroup = 2DCD7F2E29AFD8D2005536FA /* Products */;
			projectDirPath = "";
			projectRoot = "";
			targets = (
				2DCD7F2C29AFD8D2005536FA /* Twitter-Clone */,
			);
		};
/* End PBXProject section */

/* Begin PBXResourcesBuildPhase section */
		2DCD7F2B29AFD8D2005536FA /* Resources */ = {
			isa = PBXResourcesBuildPhase;
			buildActionMask = 2147483647;
			files = (
				2DCD7F3D29AFD8D3005536FA /* LaunchScreen.storyboard in Resources */,
				2DCD7F3A29AFD8D3005536FA /* Assets.xcassets in Resources */,
			);
			runOnlyForDeploymentPostprocessing = 0;
		};
/* End PBXResourcesBuildPhase section */

/* Begin PBXSourcesBuildPhase section */
		2DCD7F2929AFD8D2005536FA /* Sources */ = {
			isa = PBXSourcesBuildPhase;
			buildActionMask = 2147483647;
			files = (
				2DCD7F4929AFDA00005536FA /* BaseTabBarController.swift in Sources */,
				2DCD7F5329AFDA8B005536FA /* NotificationTableController.swift in Sources */,
				2DCD7F5129AFDA75005536FA /* SearchController.swift in Sources */,
				2DCD7F4F29AFDA65005536FA /* HomeTableController.swift in Sources */,
				2DCD7F6329AFECDF005536FA /* UIButton+.swift in Sources */,
				2DCD7F5529AFDA96005536FA /* MessageTableController.swift in Sources */,
				2DCD7F3129AFD8D2005536FA /* AppDelegate.swift in Sources */,
				2DCD7F6529AFED6A005536FA /* Divider.swift in Sources */,
				2DCD7F6729AFEDD9005536FA /* UIView+.swift in Sources */,
				2DCD7F5929AFE3CF005536FA /* HomeNavigationController.swift in Sources */,
				2DCD7F3329AFD8D2005536FA /* SceneDelegate.swift in Sources */,
			);
			runOnlyForDeploymentPostprocessing = 0;
		};
/* End PBXSourcesBuildPhase section */

/* Begin PBXVariantGroup section */
		2DCD7F3B29AFD8D3005536FA /* LaunchScreen.storyboard */ = {
			isa = PBXVariantGroup;
			children = (
				2DCD7F3C29AFD8D3005536FA /* Base */,
			);
			name = LaunchScreen.storyboard;
			sourceTree = "<group>";
		};
/* End PBXVariantGroup section */

/* Begin XCBuildConfiguration section */
		2DCD7F3F29AFD8D3005536FA /* Debug */ = {
			isa = XCBuildConfiguration;
			buildSettings = {
				ALWAYS_SEARCH_USER_PATHS = NO;
				CLANG_ANALYZER_NONNULL = YES;
				CLANG_ANALYZER_NUMBER_OBJECT_CONVERSION = YES_AGGRESSIVE;
				CLANG_CXX_LANGUAGE_STANDARD = "gnu++20";
				CLANG_ENABLE_MODULES = YES;
				CLANG_ENABLE_OBJC_ARC = YES;
				CLANG_ENABLE_OBJC_WEAK = YES;
				CLANG_WARN_BLOCK_CAPTURE_AUTORELEASING = YES;
				CLANG_WARN_BOOL_CONVERSION = YES;
				CLANG_WARN_COMMA = YES;
				CLANG_WARN_CONSTANT_CONVERSION = YES;
				CLANG_WARN_DEPRECATED_OBJC_IMPLEMENTATIONS = YES;
				CLANG_WARN_DIRECT_OBJC_ISA_USAGE = YES_ERROR;
				CLANG_WARN_DOCUMENTATION_COMMENTS = YES;
				CLANG_WARN_EMPTY_BODY = YES;
				CLANG_WARN_ENUM_CONVERSION = YES;
				CLANG_WARN_INFINITE_RECURSION = YES;
				CLANG_WARN_INT_CONVERSION = YES;
				CLANG_WARN_NON_LITERAL_NULL_CONVERSION = YES;
				CLANG_WARN_OBJC_IMPLICIT_RETAIN_SELF = YES;
				CLANG_WARN_OBJC_LITERAL_CONVERSION = YES;
				CLANG_WARN_OBJC_ROOT_CLASS = YES_ERROR;
				CLANG_WARN_QUOTED_INCLUDE_IN_FRAMEWORK_HEADER = YES;
				CLANG_WARN_RANGE_LOOP_ANALYSIS = YES;
				CLANG_WARN_STRICT_PROTOTYPES = YES;
				CLANG_WARN_SUSPICIOUS_MOVE = YES;
				CLANG_WARN_UNGUARDED_AVAILABILITY = YES_AGGRESSIVE;
				CLANG_WARN_UNREACHABLE_CODE = YES;
				CLANG_WARN__DUPLICATE_METHOD_MATCH = YES;
				COPY_PHASE_STRIP = NO;
				DEBUG_INFORMATION_FORMAT = dwarf;
				ENABLE_STRICT_OBJC_MSGSEND = YES;
				ENABLE_TESTABILITY = YES;
				GCC_C_LANGUAGE_STANDARD = gnu11;
				GCC_DYNAMIC_NO_PIC = NO;
				GCC_NO_COMMON_BLOCKS = YES;
				GCC_OPTIMIZATION_LEVEL = 0;
				GCC_PREPROCESSOR_DEFINITIONS = (
					"DEBUG=1",
					"$(inherited)",
				);
				GCC_WARN_64_TO_32_BIT_CONVERSION = YES;
				GCC_WARN_ABOUT_RETURN_TYPE = YES_ERROR;
				GCC_WARN_UNDECLARED_SELECTOR = YES;
				GCC_WARN_UNINITIALIZED_AUTOS = YES_AGGRESSIVE;
				GCC_WARN_UNUSED_FUNCTION = YES;
				GCC_WARN_UNUSED_VARIABLE = YES;
				IPHONEOS_DEPLOYMENT_TARGET = 16.2;
				MTL_ENABLE_DEBUG_INFO = INCLUDE_SOURCE;
				MTL_FAST_MATH = YES;
				ONLY_ACTIVE_ARCH = YES;
				SDKROOT = iphoneos;
				SWIFT_ACTIVE_COMPILATION_CONDITIONS = DEBUG;
				SWIFT_OPTIMIZATION_LEVEL = "-Onone";
			};
			name = Debug;
		};
		2DCD7F4029AFD8D3005536FA /* Release */ = {
			isa = XCBuildConfiguration;
			buildSettings = {
				ALWAYS_SEARCH_USER_PATHS = NO;
				CLANG_ANALYZER_NONNULL = YES;
				CLANG_ANALYZER_NUMBER_OBJECT_CONVERSION = YES_AGGRESSIVE;
				CLANG_CXX_LANGUAGE_STANDARD = "gnu++20";
				CLANG_ENABLE_MODULES = YES;
				CLANG_ENABLE_OBJC_ARC = YES;
				CLANG_ENABLE_OBJC_WEAK = YES;
				CLANG_WARN_BLOCK_CAPTURE_AUTORELEASING = YES;
				CLANG_WARN_BOOL_CONVERSION = YES;
				CLANG_WARN_COMMA = YES;
				CLANG_WARN_CONSTANT_CONVERSION = YES;
				CLANG_WARN_DEPRECATED_OBJC_IMPLEMENTATIONS = YES;
				CLANG_WARN_DIRECT_OBJC_ISA_USAGE = YES_ERROR;
				CLANG_WARN_DOCUMENTATION_COMMENTS = YES;
				CLANG_WARN_EMPTY_BODY = YES;
				CLANG_WARN_ENUM_CONVERSION = YES;
				CLANG_WARN_INFINITE_RECURSION = YES;
				CLANG_WARN_INT_CONVERSION = YES;
				CLANG_WARN_NON_LITERAL_NULL_CONVERSION = YES;
				CLANG_WARN_OBJC_IMPLICIT_RETAIN_SELF = YES;
				CLANG_WARN_OBJC_LITERAL_CONVERSION = YES;
				CLANG_WARN_OBJC_ROOT_CLASS = YES_ERROR;
				CLANG_WARN_QUOTED_INCLUDE_IN_FRAMEWORK_HEADER = YES;
				CLANG_WARN_RANGE_LOOP_ANALYSIS = YES;
				CLANG_WARN_STRICT_PROTOTYPES = YES;
				CLANG_WARN_SUSPICIOUS_MOVE = YES;
				CLANG_WARN_UNGUARDED_AVAILABILITY = YES_AGGRESSIVE;
				CLANG_WARN_UNREACHABLE_CODE = YES;
				CLANG_WARN__DUPLICATE_METHOD_MATCH = YES;
				COPY_PHASE_STRIP = NO;
				DEBUG_INFORMATION_FORMAT = "dwarf-with-dsym";
				ENABLE_NS_ASSERTIONS = NO;
				ENABLE_STRICT_OBJC_MSGSEND = YES;
				GCC_C_LANGUAGE_STANDARD = gnu11;
				GCC_NO_COMMON_BLOCKS = YES;
				GCC_WARN_64_TO_32_BIT_CONVERSION = YES;
				GCC_WARN_ABOUT_RETURN_TYPE = YES_ERROR;
				GCC_WARN_UNDECLARED_SELECTOR = YES;
				GCC_WARN_UNINITIALIZED_AUTOS = YES_AGGRESSIVE;
				GCC_WARN_UNUSED_FUNCTION = YES;
				GCC_WARN_UNUSED_VARIABLE = YES;
				IPHONEOS_DEPLOYMENT_TARGET = 16.2;
				MTL_ENABLE_DEBUG_INFO = NO;
				MTL_FAST_MATH = YES;
				SDKROOT = iphoneos;
				SWIFT_COMPILATION_MODE = wholemodule;
				SWIFT_OPTIMIZATION_LEVEL = "-O";
				VALIDATE_PRODUCT = YES;
			};
			name = Release;
		};
		2DCD7F4229AFD8D3005536FA /* Debug */ = {
			isa = XCBuildConfiguration;
			buildSettings = {
				ASSETCATALOG_COMPILER_APPICON_NAME = AppIcon;
				ASSETCATALOG_COMPILER_GLOBAL_ACCENT_COLOR_NAME = AccentColor;
				CODE_SIGN_STYLE = Automatic;
				CURRENT_PROJECT_VERSION = 1;
				DEVELOPMENT_TEAM = HG8VJQPKXZ;
				GENERATE_INFOPLIST_FILE = YES;
				INFOPLIST_FILE = "Twitter-Clone/Resources/Info.plist";
				INFOPLIST_KEY_UIApplicationSupportsIndirectInputEvents = YES;
				INFOPLIST_KEY_UILaunchStoryboardName = LaunchScreen;
				INFOPLIST_KEY_UISupportedInterfaceOrientations = UIInterfaceOrientationPortrait;
				INFOPLIST_KEY_UISupportedInterfaceOrientations_iPad = "UIInterfaceOrientationLandscapeLeft UIInterfaceOrientationLandscapeRight UIInterfaceOrientationPortrait UIInterfaceOrientationPortraitUpsideDown";
				LD_RUNPATH_SEARCH_PATHS = (
					"$(inherited)",
					"@executable_path/Frameworks",
				);
				MARKETING_VERSION = 1.0;
				PRODUCT_BUNDLE_IDENTIFIER = "dev.nsemir.Twitter-Clone";
				PRODUCT_NAME = "$(TARGET_NAME)";
				SUPPORTED_PLATFORMS = "iphoneos iphonesimulator";
				SUPPORTS_MACCATALYST = NO;
				SUPPORTS_MAC_DESIGNED_FOR_IPHONE_IPAD = NO;
				SWIFT_EMIT_LOC_STRINGS = YES;
				SWIFT_VERSION = 5.0;
				TARGETED_DEVICE_FAMILY = 1;
			};
			name = Debug;
		};
		2DCD7F4329AFD8D3005536FA /* Release */ = {
			isa = XCBuildConfiguration;
			buildSettings = {
				ASSETCATALOG_COMPILER_APPICON_NAME = AppIcon;
				ASSETCATALOG_COMPILER_GLOBAL_ACCENT_COLOR_NAME = AccentColor;
				CODE_SIGN_STYLE = Automatic;
				CURRENT_PROJECT_VERSION = 1;
				DEVELOPMENT_TEAM = HG8VJQPKXZ;
				GENERATE_INFOPLIST_FILE = YES;
				INFOPLIST_FILE = "Twitter-Clone/Resources/Info.plist";
				INFOPLIST_KEY_UIApplicationSupportsIndirectInputEvents = YES;
				INFOPLIST_KEY_UILaunchStoryboardName = LaunchScreen;
				INFOPLIST_KEY_UISupportedInterfaceOrientations = UIInterfaceOrientationPortrait;
				INFOPLIST_KEY_UISupportedInterfaceOrientations_iPad = "UIInterfaceOrientationLandscapeLeft UIInterfaceOrientationLandscapeRight UIInterfaceOrientationPortrait UIInterfaceOrientationPortraitUpsideDown";
				LD_RUNPATH_SEARCH_PATHS = (
					"$(inherited)",
					"@executable_path/Frameworks",
				);
				MARKETING_VERSION = 1.0;
				PRODUCT_BUNDLE_IDENTIFIER = "dev.nsemir.Twitter-Clone";
				PRODUCT_NAME = "$(TARGET_NAME)";
				SUPPORTED_PLATFORMS = "iphoneos iphonesimulator";
				SUPPORTS_MACCATALYST = NO;
				SUPPORTS_MAC_DESIGNED_FOR_IPHONE_IPAD = NO;
				SWIFT_EMIT_LOC_STRINGS = YES;
				SWIFT_VERSION = 5.0;
				TARGETED_DEVICE_FAMILY = 1;
			};
			name = Release;
		};
/* End XCBuildConfiguration section */

/* Begin XCConfigurationList section */
		2DCD7F2829AFD8D2005536FA /* Build configuration list for PBXProject "Twitter-Clone" */ = {
			isa = XCConfigurationList;
			buildConfigurations = (
				2DCD7F3F29AFD8D3005536FA /* Debug */,
				2DCD7F4029AFD8D3005536FA /* Release */,
			);
			defaultConfigurationIsVisible = 0;
			defaultConfigurationName = Release;
		};
		2DCD7F4129AFD8D3005536FA /* Build configuration list for PBXNativeTarget "Twitter-Clone" */ = {
			isa = XCConfigurationList;
			buildConfigurations = (
				2DCD7F4229AFD8D3005536FA /* Debug */,
				2DCD7F4329AFD8D3005536FA /* Release */,
			);
			defaultConfigurationIsVisible = 0;
			defaultConfigurationName = Release;
		};
/* End XCConfigurationList section */

/* Begin XCRemoteSwiftPackageReference section */
		2DCD7F5E29AFE907005536FA /* XCRemoteSwiftPackageReference "SnapKit" */ = {
			isa = XCRemoteSwiftPackageReference;
			repositoryURL = "https://github.com/SnapKit/SnapKit.git";
			requirement = {
				kind = upToNextMajorVersion;
				minimumVersion = 5.0.0;
			};
		};
/* End XCRemoteSwiftPackageReference section */

/* Begin XCSwiftPackageProductDependency section */
		2DCD7F5F29AFE907005536FA /* SnapKit */ = {
			isa = XCSwiftPackageProductDependency;
			package = 2DCD7F5E29AFE907005536FA /* XCRemoteSwiftPackageReference "SnapKit" */;
			productName = SnapKit;
		};
/* End XCSwiftPackageProductDependency section */
	};
	rootObject = 2DCD7F2529AFD8D2005536FA /* Project object */;
}
