// !$*UTF8*$!
{
	archiveVersion = 1;
	classes = {
	};
	objectVersion = 56;
	objects = {

/* Begin PBXBuildFile section */
		2DCD7F3129AFD8D2005536FA /* AppDelegate.swift in Sources */ = {isa = PBXBuildFile; fileRef = 2DCD7F3029AFD8D2005536FA /* AppDelegate.swift */; };
		2DCD7F3329AFD8D2005536FA /* SceneDelegate.swift in Sources */ = {isa = PBXBuildFile; fileRef = 2DCD7F3229AFD8D2005536FA /* SceneDelegate.swift */; };
		2DCD7F3A29AFD8D3005536FA /* Assets.xcassets in Resources */ = {isa = PBXBuildFile; fileRef = 2DCD7F3929AFD8D3005536FA /* Assets.xcassets */; };
		2DCD7F3D29AFD8D3005536FA /* LaunchScreen.storyboard in Resources */ = {isa = PBXBuildFile; fileRef = 2DCD7F3B29AFD8D3005536FA /* LaunchScreen.storyboard */; };
		2DCD7F4929AFDA00005536FA /* BaseTabBarController.swift in Sources */ = {isa = PBXBuildFile; fileRef = 2DCD7F4829AFDA00005536FA /* BaseTabBarController.swift */; };
		2DCD7F4F29AFDA65005536FA /* HomeTableController.swift in Sources */ = {isa = PBXBuildFile; fileRef = 2DCD7F4E29AFDA65005536FA /* HomeTableController.swift */; };
		2DCD7F5129AFDA75005536FA /* SearchController.swift in Sources */ = {isa = PBXBuildFile; fileRef = 2DCD7F5029AFDA75005536FA /* SearchController.swift */; };
		2DCD7F5329AFDA8B005536FA /* NotificationController.swift in Sources */ = {isa = PBXBuildFile; fileRef = 2DCD7F5229AFDA8B005536FA /* NotificationController.swift */; };
		2DCD7F5529AFDA96005536FA /* MessageTableController.swift in Sources */ = {isa = PBXBuildFile; fileRef = 2DCD7F5429AFDA96005536FA /* MessageTableController.swift */; };
		2DCD7F5929AFE3CF005536FA /* HomeNavigationController.swift in Sources */ = {isa = PBXBuildFile; fileRef = 2DCD7F5829AFE3CF005536FA /* HomeNavigationController.swift */; };
		2DCD7F6029AFE907005536FA /* SnapKit in Frameworks */ = {isa = PBXBuildFile; productRef = 2DCD7F5F29AFE907005536FA /* SnapKit */; };
		2DCD7F6329AFECDF005536FA /* UIButton+.swift in Sources */ = {isa = PBXBuildFile; fileRef = 2DCD7F6229AFECDF005536FA /* UIButton+.swift */; };
		2DCD7F6529AFED6A005536FA /* Divider.swift in Sources */ = {isa = PBXBuildFile; fileRef = 2DCD7F6429AFED6A005536FA /* Divider.swift */; };
		2DCD7F6729AFEDD9005536FA /* UIView+.swift in Sources */ = {isa = PBXBuildFile; fileRef = 2DCD7F6629AFEDD9005536FA /* UIView+.swift */; };
		2DCD7F6C29AFF148005536FA /* Post.swift in Sources */ = {isa = PBXBuildFile; fileRef = 2DCD7F6B29AFF148005536FA /* Post.swift */; };
		2DCD7F6F29AFF19E005536FA /* MockPosts.swift in Sources */ = {isa = PBXBuildFile; fileRef = 2DCD7F6E29AFF19E005536FA /* MockPosts.swift */; };
		2DCD7F7129AFF394005536FA /* PostCell.swift in Sources */ = {isa = PBXBuildFile; fileRef = 2DCD7F7029AFF394005536FA /* PostCell.swift */; };
		2DCD7F7329AFFBBE005536FA /* UILabel+.swift in Sources */ = {isa = PBXBuildFile; fileRef = 2DCD7F7229AFFBBE005536FA /* UILabel+.swift */; };
		2DCD7F7529AFFE23005536FA /* VerticalStack.swift in Sources */ = {isa = PBXBuildFile; fileRef = 2DCD7F7429AFFE23005536FA /* VerticalStack.swift */; };
		2DCD7F7729AFFE94005536FA /* HorizontalStack.swift in Sources */ = {isa = PBXBuildFile; fileRef = 2DCD7F7629AFFE94005536FA /* HorizontalStack.swift */; };
		2DCD7F8C29B00914005536FA /* Poppins-ExtraLight.ttf in Resources */ = {isa = PBXBuildFile; fileRef = 2DCD7F7929B00914005536FA /* Poppins-ExtraLight.ttf */; };
		2DCD7F8D29B00914005536FA /* Poppins-ThinItalic.ttf in Resources */ = {isa = PBXBuildFile; fileRef = 2DCD7F7A29B00914005536FA /* Poppins-ThinItalic.ttf */; };
		2DCD7F8E29B00914005536FA /* Poppins-ExtraLightItalic.ttf in Resources */ = {isa = PBXBuildFile; fileRef = 2DCD7F7B29B00914005536FA /* Poppins-ExtraLightItalic.ttf */; };
		2DCD7F8F29B00914005536FA /* Poppins-BoldItalic.ttf in Resources */ = {isa = PBXBuildFile; fileRef = 2DCD7F7C29B00914005536FA /* Poppins-BoldItalic.ttf */; };
		2DCD7F9029B00914005536FA /* Poppins-Light.ttf in Resources */ = {isa = PBXBuildFile; fileRef = 2DCD7F7D29B00914005536FA /* Poppins-Light.ttf */; };
		2DCD7F9129B00914005536FA /* Poppins-Medium.ttf in Resources */ = {isa = PBXBuildFile; fileRef = 2DCD7F7E29B00914005536FA /* Poppins-Medium.ttf */; };
		2DCD7F9229B00914005536FA /* Poppins-SemiBoldItalic.ttf in Resources */ = {isa = PBXBuildFile; fileRef = 2DCD7F7F29B00914005536FA /* Poppins-SemiBoldItalic.ttf */; };
		2DCD7F9329B00914005536FA /* Poppins-ExtraBoldItalic.ttf in Resources */ = {isa = PBXBuildFile; fileRef = 2DCD7F8029B00914005536FA /* Poppins-ExtraBoldItalic.ttf */; };
		2DCD7F9429B00914005536FA /* Poppins-ExtraBold.ttf in Resources */ = {isa = PBXBuildFile; fileRef = 2DCD7F8129B00914005536FA /* Poppins-ExtraBold.ttf */; };
		2DCD7F9529B00914005536FA /* Poppins-BlackItalic.ttf in Resources */ = {isa = PBXBuildFile; fileRef = 2DCD7F8229B00914005536FA /* Poppins-BlackItalic.ttf */; };
		2DCD7F9629B00914005536FA /* OFL.txt in Resources */ = {isa = PBXBuildFile; fileRef = 2DCD7F8329B00914005536FA /* OFL.txt */; };
		2DCD7F9729B00914005536FA /* Poppins-Regular.ttf in Resources */ = {isa = PBXBuildFile; fileRef = 2DCD7F8429B00914005536FA /* Poppins-Regular.ttf */; };
		2DCD7F9829B00914005536FA /* Poppins-LightItalic.ttf in Resources */ = {isa = PBXBuildFile; fileRef = 2DCD7F8529B00914005536FA /* Poppins-LightItalic.ttf */; };
		2DCD7F9929B00914005536FA /* Poppins-Bold.ttf in Resources */ = {isa = PBXBuildFile; fileRef = 2DCD7F8629B00914005536FA /* Poppins-Bold.ttf */; };
		2DCD7F9A29B00914005536FA /* Poppins-Black.ttf in Resources */ = {isa = PBXBuildFile; fileRef = 2DCD7F8729B00914005536FA /* Poppins-Black.ttf */; };
		2DCD7F9B29B00914005536FA /* Poppins-Thin.ttf in Resources */ = {isa = PBXBuildFile; fileRef = 2DCD7F8829B00914005536FA /* Poppins-Thin.ttf */; };
		2DCD7F9C29B00914005536FA /* Poppins-SemiBold.ttf in Resources */ = {isa = PBXBuildFile; fileRef = 2DCD7F8929B00914005536FA /* Poppins-SemiBold.ttf */; };
		2DCD7F9D29B00914005536FA /* Poppins-Italic.ttf in Resources */ = {isa = PBXBuildFile; fileRef = 2DCD7F8A29B00914005536FA /* Poppins-Italic.ttf */; };
		2DCD7F9E29B00914005536FA /* Poppins-MediumItalic.ttf in Resources */ = {isa = PBXBuildFile; fileRef = 2DCD7F8B29B00914005536FA /* Poppins-MediumItalic.ttf */; };
		2DCD7FA029B00BB0005536FA /* UIFont+.swift in Sources */ = {isa = PBXBuildFile; fileRef = 2DCD7F9F29B00BB0005536FA /* UIFont+.swift */; };
		2DCD7FA229B0133F005536FA /* String+.swift in Sources */ = {isa = PBXBuildFile; fileRef = 2DCD7FA129B0133F005536FA /* String+.swift */; };
		2DD2B72329B0184D008BB5EF /* SearchNavigationControllerSearchNavController.swift in Sources */ = {isa = PBXBuildFile; fileRef = 2DD2B72229B0184D008BB5EF /* SearchNavigationControllerSearchNavController.swift */; };
		2DD2B72929B09172008BB5EF /* SearchTextField.swift in Sources */ = {isa = PBXBuildFile; fileRef = 2DD2B72829B09172008BB5EF /* SearchTextField.swift */; };
		2DD2B72B29B097C6008BB5EF /* NotificationNavigationController.swift in Sources */ = {isa = PBXBuildFile; fileRef = 2DD2B72A29B097C6008BB5EF /* NotificationNavigationController.swift */; };
		2DD2B72F29B09A18008BB5EF /* CustomSplitView.swift in Sources */ = {isa = PBXBuildFile; fileRef = 2DD2B72E29B09A18008BB5EF /* CustomSplitView.swift */; };
		2DD2B73329B123C4008BB5EF /* Notification.swift in Sources */ = {isa = PBXBuildFile; fileRef = 2DD2B73229B123C4008BB5EF /* Notification.swift */; };
		2DD2B73729B12451008BB5EF /* MockNotifications.swift in Sources */ = {isa = PBXBuildFile; fileRef = 2DD2B73629B12451008BB5EF /* MockNotifications.swift */; };
		2DD2B73929B12560008BB5EF /* NotificationCell.swift in Sources */ = {isa = PBXBuildFile; fileRef = 2DD2B73829B12560008BB5EF /* NotificationCell.swift */; };
/* End PBXBuildFile section */

/* Begin PBXFileReference section */
		2DCD7F2D29AFD8D2005536FA /* Twitter-Clone.app */ = {isa = PBXFileReference; explicitFileType = wrapper.application; includeInIndex = 0; path = "Twitter-Clone.app"; sourceTree = BUILT_PRODUCTS_DIR; };
		2DCD7F3029AFD8D2005536FA /* AppDelegate.swift */ = {isa = PBXFileReference; lastKnownFileType = sourcecode.swift; path = AppDelegate.swift; sourceTree = "<group>"; };
		2DCD7F3229AFD8D2005536FA /* SceneDelegate.swift */ = {isa = PBXFileReference; lastKnownFileType = sourcecode.swift; path = SceneDelegate.swift; sourceTree = "<group>"; };
		2DCD7F3929AFD8D3005536FA /* Assets.xcassets */ = {isa = PBXFileReference; lastKnownFileType = folder.assetcatalog; path = Assets.xcassets; sourceTree = "<group>"; };
		2DCD7F3C29AFD8D3005536FA /* Base */ = {isa = PBXFileReference; lastKnownFileType = file.storyboard; name = Base; path = Base.lproj/LaunchScreen.storyboard; sourceTree = "<group>"; };
		2DCD7F3E29AFD8D3005536FA /* Info.plist */ = {isa = PBXFileReference; lastKnownFileType = text.plist.xml; path = Info.plist; sourceTree = "<group>"; };
		2DCD7F4829AFDA00005536FA /* BaseTabBarController.swift */ = {isa = PBXFileReference; lastKnownFileType = sourcecode.swift; path = BaseTabBarController.swift; sourceTree = "<group>"; };
		2DCD7F4E29AFDA65005536FA /* HomeTableController.swift */ = {isa = PBXFileReference; lastKnownFileType = sourcecode.swift; path = HomeTableController.swift; sourceTree = "<group>"; };
		2DCD7F5029AFDA75005536FA /* SearchController.swift */ = {isa = PBXFileReference; lastKnownFileType = sourcecode.swift; path = SearchController.swift; sourceTree = "<group>"; };
		2DCD7F5229AFDA8B005536FA /* NotificationController.swift */ = {isa = PBXFileReference; lastKnownFileType = sourcecode.swift; path = NotificationController.swift; sourceTree = "<group>"; };
		2DCD7F5429AFDA96005536FA /* MessageTableController.swift */ = {isa = PBXFileReference; lastKnownFileType = sourcecode.swift; path = MessageTableController.swift; sourceTree = "<group>"; };
		2DCD7F5829AFE3CF005536FA /* HomeNavigationController.swift */ = {isa = PBXFileReference; lastKnownFileType = sourcecode.swift; path = HomeNavigationController.swift; sourceTree = "<group>"; };
		2DCD7F6229AFECDF005536FA /* UIButton+.swift */ = {isa = PBXFileReference; lastKnownFileType = sourcecode.swift; path = "UIButton+.swift"; sourceTree = "<group>"; };
		2DCD7F6429AFED6A005536FA /* Divider.swift */ = {isa = PBXFileReference; lastKnownFileType = sourcecode.swift; path = Divider.swift; sourceTree = "<group>"; };
		2DCD7F6629AFEDD9005536FA /* UIView+.swift */ = {isa = PBXFileReference; lastKnownFileType = sourcecode.swift; path = "UIView+.swift"; sourceTree = "<group>"; };
		2DCD7F6B29AFF148005536FA /* Post.swift */ = {isa = PBXFileReference; lastKnownFileType = sourcecode.swift; path = Post.swift; sourceTree = "<group>"; };
		2DCD7F6E29AFF19E005536FA /* MockPosts.swift */ = {isa = PBXFileReference; lastKnownFileType = sourcecode.swift; path = MockPosts.swift; sourceTree = "<group>"; };
		2DCD7F7029AFF394005536FA /* PostCell.swift */ = {isa = PBXFileReference; lastKnownFileType = sourcecode.swift; path = PostCell.swift; sourceTree = "<group>"; };
		2DCD7F7229AFFBBE005536FA /* UILabel+.swift */ = {isa = PBXFileReference; lastKnownFileType = sourcecode.swift; path = "UILabel+.swift"; sourceTree = "<group>"; };
		2DCD7F7429AFFE23005536FA /* VerticalStack.swift */ = {isa = PBXFileReference; lastKnownFileType = sourcecode.swift; path = VerticalStack.swift; sourceTree = "<group>"; };
		2DCD7F7629AFFE94005536FA /* HorizontalStack.swift */ = {isa = PBXFileReference; lastKnownFileType = sourcecode.swift; path = HorizontalStack.swift; sourceTree = "<group>"; };
		2DCD7F7929B00914005536FA /* Poppins-ExtraLight.ttf */ = {isa = PBXFileReference; lastKnownFileType = file; path = "Poppins-ExtraLight.ttf"; sourceTree = "<group>"; };
		2DCD7F7A29B00914005536FA /* Poppins-ThinItalic.ttf */ = {isa = PBXFileReference; lastKnownFileType = file; path = "Poppins-ThinItalic.ttf"; sourceTree = "<group>"; };
		2DCD7F7B29B00914005536FA /* Poppins-ExtraLightItalic.ttf */ = {isa = PBXFileReference; lastKnownFileType = file; path = "Poppins-ExtraLightItalic.ttf"; sourceTree = "<group>"; };
		2DCD7F7C29B00914005536FA /* Poppins-BoldItalic.ttf */ = {isa = PBXFileReference; lastKnownFileType = file; path = "Poppins-BoldItalic.ttf"; sourceTree = "<group>"; };
		2DCD7F7D29B00914005536FA /* Poppins-Light.ttf */ = {isa = PBXFileReference; lastKnownFileType = file; path = "Poppins-Light.ttf"; sourceTree = "<group>"; };
		2DCD7F7E29B00914005536FA /* Poppins-Medium.ttf */ = {isa = PBXFileReference; lastKnownFileType = file; path = "Poppins-Medium.ttf"; sourceTree = "<group>"; };
		2DCD7F7F29B00914005536FA /* Poppins-SemiBoldItalic.ttf */ = {isa = PBXFileReference; lastKnownFileType = file; path = "Poppins-SemiBoldItalic.ttf"; sourceTree = "<group>"; };
		2DCD7F8029B00914005536FA /* Poppins-ExtraBoldItalic.ttf */ = {isa = PBXFileReference; lastKnownFileType = file; path = "Poppins-ExtraBoldItalic.ttf"; sourceTree = "<group>"; };
		2DCD7F8129B00914005536FA /* Poppins-ExtraBold.ttf */ = {isa = PBXFileReference; lastKnownFileType = file; path = "Poppins-ExtraBold.ttf"; sourceTree = "<group>"; };
		2DCD7F8229B00914005536FA /* Poppins-BlackItalic.ttf */ = {isa = PBXFileReference; lastKnownFileType = file; path = "Poppins-BlackItalic.ttf"; sourceTree = "<group>"; };
		2DCD7F8329B00914005536FA /* OFL.txt */ = {isa = PBXFileReference; fileEncoding = 4; lastKnownFileType = text; path = OFL.txt; sourceTree = "<group>"; };
		2DCD7F8429B00914005536FA /* Poppins-Regular.ttf */ = {isa = PBXFileReference; lastKnownFileType = file; path = "Poppins-Regular.ttf"; sourceTree = "<group>"; };
		2DCD7F8529B00914005536FA /* Poppins-LightItalic.ttf */ = {isa = PBXFileReference; lastKnownFileType = file; path = "Poppins-LightItalic.ttf"; sourceTree = "<group>"; };
		2DCD7F8629B00914005536FA /* Poppins-Bold.ttf */ = {isa = PBXFileReference; lastKnownFileType = file; path = "Poppins-Bold.ttf"; sourceTree = "<group>"; };
		2DCD7F8729B00914005536FA /* Poppins-Black.ttf */ = {isa = PBXFileReference; lastKnownFileType = file; path = "Poppins-Black.ttf"; sourceTree = "<group>"; };
		2DCD7F8829B00914005536FA /* Poppins-Thin.ttf */ = {isa = PBXFileReference; lastKnownFileType = file; path = "Poppins-Thin.ttf"; sourceTree = "<group>"; };
		2DCD7F8929B00914005536FA /* Poppins-SemiBold.ttf */ = {isa = PBXFileReference; lastKnownFileType = file; path = "Poppins-SemiBold.ttf"; sourceTree = "<group>"; };
		2DCD7F8A29B00914005536FA /* Poppins-Italic.ttf */ = {isa = PBXFileReference; lastKnownFileType = file; path = "Poppins-Italic.ttf"; sourceTree = "<group>"; };
		2DCD7F8B29B00914005536FA /* Poppins-MediumItalic.ttf */ = {isa = PBXFileReference; lastKnownFileType = file; path = "Poppins-MediumItalic.ttf"; sourceTree = "<group>"; };
		2DCD7F9F29B00BB0005536FA /* UIFont+.swift */ = {isa = PBXFileReference; lastKnownFileType = sourcecode.swift; path = "UIFont+.swift"; sourceTree = "<group>"; };
		2DCD7FA129B0133F005536FA /* String+.swift */ = {isa = PBXFileReference; lastKnownFileType = sourcecode.swift; path = "String+.swift"; sourceTree = "<group>"; };
		2DD2B72229B0184D008BB5EF /* SearchNavigationControllerSearchNavController.swift */ = {isa = PBXFileReference; lastKnownFileType = sourcecode.swift; path = SearchNavigationControllerSearchNavController.swift; sourceTree = "<group>"; };
		2DD2B72829B09172008BB5EF /* SearchTextField.swift */ = {isa = PBXFileReference; lastKnownFileType = sourcecode.swift; path = SearchTextField.swift; sourceTree = "<group>"; };
		2DD2B72A29B097C6008BB5EF /* NotificationNavigationController.swift */ = {isa = PBXFileReference; lastKnownFileType = sourcecode.swift; path = NotificationNavigationController.swift; sourceTree = "<group>"; };
		2DD2B72E29B09A18008BB5EF /* CustomSplitView.swift */ = {isa = PBXFileReference; lastKnownFileType = sourcecode.swift; path = CustomSplitView.swift; sourceTree = "<group>"; };
		2DD2B73229B123C4008BB5EF /* Notification.swift */ = {isa = PBXFileReference; lastKnownFileType = sourcecode.swift; path = Notification.swift; sourceTree = "<group>"; };
		2DD2B73629B12451008BB5EF /* MockNotifications.swift */ = {isa = PBXFileReference; lastKnownFileType = sourcecode.swift; path = MockNotifications.swift; sourceTree = "<group>"; };
		2DD2B73829B12560008BB5EF /* NotificationCell.swift */ = {isa = PBXFileReference; lastKnownFileType = sourcecode.swift; path = NotificationCell.swift; sourceTree = "<group>"; };
/* End PBXFileReference section */

/* Begin PBXFrameworksBuildPhase section */
		2DCD7F2A29AFD8D2005536FA /* Frameworks */ = {
			isa = PBXFrameworksBuildPhase;
			buildActionMask = 2147483647;
			files = (
				2DCD7F6029AFE907005536FA /* SnapKit in Frameworks */,
			);
			runOnlyForDeploymentPostprocessing = 0;
		};
/* End PBXFrameworksBuildPhase section */

/* Begin PBXGroup section */
		2DCD7F2429AFD8D2005536FA = {
			isa = PBXGroup;
			children = (
				2DCD7F2F29AFD8D2005536FA /* Twitter-Clone */,
				2DCD7F2E29AFD8D2005536FA /* Products */,
			);
			sourceTree = "<group>";
		};
		2DCD7F2E29AFD8D2005536FA /* Products */ = {
			isa = PBXGroup;
			children = (
				2DCD7F2D29AFD8D2005536FA /* Twitter-Clone.app */,
			);
			name = Products;
			sourceTree = "<group>";
		};
		2DCD7F2F29AFD8D2005536FA /* Twitter-Clone */ = {
			isa = PBXGroup;
			children = (
				2DCD7F7829B00914005536FA /* Poppins */,
				2DCD7F6129AFECD5005536FA /* Helpers */,
				2DCD7F4529AFD95B005536FA /* Resources */,
				2DCD7F4429AFD953005536FA /* App */,
				2DCD7F4629AFD974005536FA /* Scenes */,
			);
			path = "Twitter-Clone";
			sourceTree = "<group>";
		};
		2DCD7F4429AFD953005536FA /* App */ = {
			isa = PBXGroup;
			children = (
				2DCD7F3029AFD8D2005536FA /* AppDelegate.swift */,
				2DCD7F3229AFD8D2005536FA /* SceneDelegate.swift */,
			);
			path = App;
			sourceTree = "<group>";
		};
		2DCD7F4529AFD95B005536FA /* Resources */ = {
			isa = PBXGroup;
			children = (
				2DCD7F3929AFD8D3005536FA /* Assets.xcassets */,
				2DCD7F3B29AFD8D3005536FA /* LaunchScreen.storyboard */,
				2DCD7F3E29AFD8D3005536FA /* Info.plist */,
			);
			path = Resources;
			sourceTree = "<group>";
		};
		2DCD7F4629AFD974005536FA /* Scenes */ = {
			isa = PBXGroup;
			children = (
				2DCD7F4D29AFDA41005536FA /* Message */,
				2DCD7F4C29AFDA39005536FA /* Notification */,
				2DCD7F4B29AFDA34005536FA /* Search */,
				2DCD7F4A29AFDA2F005536FA /* Home */,
				2DCD7F4729AFD9EA005536FA /* TabBar */,
			);
			path = Scenes;
			sourceTree = "<group>";
		};
		2DCD7F4729AFD9EA005536FA /* TabBar */ = {
			isa = PBXGroup;
			children = (
				2DCD7F4829AFDA00005536FA /* BaseTabBarController.swift */,
			);
			path = TabBar;
			sourceTree = "<group>";
		};
		2DCD7F4A29AFDA2F005536FA /* Home */ = {
			isa = PBXGroup;
			children = (
				2DCD7F6D29AFF196005536FA /* Mock */,
				2DCD7F6A29AFF13A005536FA /* Controller */,
				2DCD7F6929AFF135005536FA /* View */,
				2DCD7F6829AFF130005536FA /* Model */,
			);
			path = Home;
			sourceTree = "<group>";
		};
		2DCD7F4B29AFDA34005536FA /* Search */ = {
			isa = PBXGroup;
			children = (
				2DD2B72729B09165008BB5EF /* View */,
				2DD2B72629B0915C008BB5EF /* Controller */,
			);
			path = Search;
			sourceTree = "<group>";
		};
		2DCD7F4C29AFDA39005536FA /* Notification */ = {
			isa = PBXGroup;
			children = (
				2DD2B73129B123B8008BB5EF /* Mock */,
				2DD2B73029B123AC008BB5EF /* Model */,
				2DD2B72D29B09A0D008BB5EF /* View */,
				2DD2B72C29B09A05008BB5EF /* Controller */,
			);
			path = Notification;
			sourceTree = "<group>";
		};
		2DCD7F4D29AFDA41005536FA /* Message */ = {
			isa = PBXGroup;
			children = (
				2DCD7F5429AFDA96005536FA /* MessageTableController.swift */,
			);
			path = Message;
			sourceTree = "<group>";
		};
		2DCD7F6129AFECD5005536FA /* Helpers */ = {
			isa = PBXGroup;
			children = (
				2DCD7F6229AFECDF005536FA /* UIButton+.swift */,
				2DCD7F6429AFED6A005536FA /* Divider.swift */,
				2DCD7F6629AFEDD9005536FA /* UIView+.swift */,
				2DCD7F7229AFFBBE005536FA /* UILabel+.swift */,
				2DCD7F7429AFFE23005536FA /* VerticalStack.swift */,
				2DCD7F7629AFFE94005536FA /* HorizontalStack.swift */,
				2DCD7F9F29B00BB0005536FA /* UIFont+.swift */,
				2DCD7FA129B0133F005536FA /* String+.swift */,
			);
			path = Helpers;
			sourceTree = "<group>";
		};
		2DCD7F6829AFF130005536FA /* Model */ = {
			isa = PBXGroup;
			children = (
				2DCD7F6B29AFF148005536FA /* Post.swift */,
			);
			path = Model;
			sourceTree = "<group>";
		};
		2DCD7F6929AFF135005536FA /* View */ = {
			isa = PBXGroup;
			children = (
				2DCD7F7029AFF394005536FA /* PostCell.swift */,
			);
			path = View;
			sourceTree = "<group>";
		};
		2DCD7F6A29AFF13A005536FA /* Controller */ = {
			isa = PBXGroup;
			children = (
				2DCD7F4E29AFDA65005536FA /* HomeTableController.swift */,
				2DCD7F5829AFE3CF005536FA /* HomeNavigationController.swift */,
			);
			path = Controller;
			sourceTree = "<group>";
		};
		2DCD7F6D29AFF196005536FA /* Mock */ = {
			isa = PBXGroup;
			children = (
				2DCD7F6E29AFF19E005536FA /* MockPosts.swift */,
			);
			path = Mock;
			sourceTree = "<group>";
		};
		2DCD7F7829B00914005536FA /* Poppins */ = {
			isa = PBXGroup;
			children = (
				2DCD7F7929B00914005536FA /* Poppins-ExtraLight.ttf */,
				2DCD7F7A29B00914005536FA /* Poppins-ThinItalic.ttf */,
				2DCD7F7B29B00914005536FA /* Poppins-ExtraLightItalic.ttf */,
				2DCD7F7C29B00914005536FA /* Poppins-BoldItalic.ttf */,
				2DCD7F7D29B00914005536FA /* Poppins-Light.ttf */,
				2DCD7F7E29B00914005536FA /* Poppins-Medium.ttf */,
				2DCD7F7F29B00914005536FA /* Poppins-SemiBoldItalic.ttf */,
				2DCD7F8029B00914005536FA /* Poppins-ExtraBoldItalic.ttf */,
				2DCD7F8129B00914005536FA /* Poppins-ExtraBold.ttf */,
				2DCD7F8229B00914005536FA /* Poppins-BlackItalic.ttf */,
				2DCD7F8329B00914005536FA /* OFL.txt */,
				2DCD7F8429B00914005536FA /* Poppins-Regular.ttf */,
				2DCD7F8529B00914005536FA /* Poppins-LightItalic.ttf */,
				2DCD7F8629B00914005536FA /* Poppins-Bold.ttf */,
				2DCD7F8729B00914005536FA /* Poppins-Black.ttf */,
				2DCD7F8829B00914005536FA /* Poppins-Thin.ttf */,
				2DCD7F8929B00914005536FA /* Poppins-SemiBold.ttf */,
				2DCD7F8A29B00914005536FA /* Poppins-Italic.ttf */,
				2DCD7F8B29B00914005536FA /* Poppins-MediumItalic.ttf */,
			);
			path = Poppins;
			sourceTree = "<group>";
		};
		2DD2B72629B0915C008BB5EF /* Controller */ = {
			isa = PBXGroup;
			children = (
				2DD2B72229B0184D008BB5EF /* SearchNavigationControllerSearchNavController.swift */,
				2DCD7F5029AFDA75005536FA /* SearchController.swift */,
			);
			path = Controller;
			sourceTree = "<group>";
		};
		2DD2B72729B09165008BB5EF /* View */ = {
			isa = PBXGroup;
			children = (
				2DD2B72829B09172008BB5EF /* SearchTextField.swift */,
			);
			path = View;
			sourceTree = "<group>";
		};
		2DD2B72C29B09A05008BB5EF /* Controller */ = {
			isa = PBXGroup;
			children = (
				2DD2B72A29B097C6008BB5EF /* NotificationNavigationController.swift */,
				2DCD7F5229AFDA8B005536FA /* NotificationController.swift */,
			);
			path = Controller;
			sourceTree = "<group>";
		};
		2DD2B72D29B09A0D008BB5EF /* View */ = {
			isa = PBXGroup;
			children = (
				2DD2B72E29B09A18008BB5EF /* CustomSplitView.swift */,
				2DD2B73829B12560008BB5EF /* NotificationCell.swift */,
			);
			path = View;
			sourceTree = "<group>";
		};
		2DD2B73029B123AC008BB5EF /* Model */ = {
			isa = PBXGroup;
			children = (
				2DD2B73229B123C4008BB5EF /* Notification.swift */,
			);
			path = Model;
			sourceTree = "<group>";
		};
		2DD2B73129B123B8008BB5EF /* Mock */ = {
			isa = PBXGroup;
			children = (
				2DD2B73629B12451008BB5EF /* MockNotifications.swift */,
			);
			path = Mock;
			sourceTree = "<group>";
		};
/* End PBXGroup section */

/* Begin PBXNativeTarget section */
		2DCD7F2C29AFD8D2005536FA /* Twitter-Clone */ = {
			isa = PBXNativeTarget;
			buildConfigurationList = 2DCD7F4129AFD8D3005536FA /* Build configuration list for PBXNativeTarget "Twitter-Clone" */;
			buildPhases = (
				2DCD7F2929AFD8D2005536FA /* Sources */,
				2DCD7F2A29AFD8D2005536FA /* Frameworks */,
				2DCD7F2B29AFD8D2005536FA /* Resources */,
			);
			buildRules = (
			);
			dependencies = (
			);
			name = "Twitter-Clone";
			packageProductDependencies = (
				2DCD7F5F29AFE907005536FA /* SnapKit */,
			);
			productName = "Twitter-Clone";
			productReference = 2DCD7F2D29AFD8D2005536FA /* Twitter-Clone.app */;
			productType = "com.apple.product-type.application";
		};
/* End PBXNativeTarget section */

/* Begin PBXProject section */
		2DCD7F2529AFD8D2005536FA /* Project object */ = {
			isa = PBXProject;
			attributes = {
				BuildIndependentTargetsInParallel = 1;
				LastSwiftUpdateCheck = 1420;
				LastUpgradeCheck = 1420;
				TargetAttributes = {
					2DCD7F2C29AFD8D2005536FA = {
						CreatedOnToolsVersion = 14.2;
					};
				};
			};
			buildConfigurationList = 2DCD7F2829AFD8D2005536FA /* Build configuration list for PBXProject "Twitter-Clone" */;
			compatibilityVersion = "Xcode 14.0";
			developmentRegion = en;
			hasScannedForEncodings = 0;
			knownRegions = (
				en,
				Base,
			);
			mainGroup = 2DCD7F2429AFD8D2005536FA;
			packageReferences = (
				2DCD7F5E29AFE907005536FA /* XCRemoteSwiftPackageReference "SnapKit" */,
			);
			productRefGroup = 2DCD7F2E29AFD8D2005536FA /* Products */;
			projectDirPath = "";
			projectRoot = "";
			targets = (
				2DCD7F2C29AFD8D2005536FA /* Twitter-Clone */,
			);
		};
/* End PBXProject section */

/* Begin PBXResourcesBuildPhase section */
		2DCD7F2B29AFD8D2005536FA /* Resources */ = {
			isa = PBXResourcesBuildPhase;
			buildActionMask = 2147483647;
			files = (
				2DCD7F9029B00914005536FA /* Poppins-Light.ttf in Resources */,
				2DCD7F9A29B00914005536FA /* Poppins-Black.ttf in Resources */,
				2DCD7F9829B00914005536FA /* Poppins-LightItalic.ttf in Resources */,
				2DCD7F9B29B00914005536FA /* Poppins-Thin.ttf in Resources */,
				2DCD7F8C29B00914005536FA /* Poppins-ExtraLight.ttf in Resources */,
				2DCD7F9C29B00914005536FA /* Poppins-SemiBold.ttf in Resources */,
				2DCD7F9929B00914005536FA /* Poppins-Bold.ttf in Resources */,
				2DCD7F8D29B00914005536FA /* Poppins-ThinItalic.ttf in Resources */,
				2DCD7F8E29B00914005536FA /* Poppins-ExtraLightItalic.ttf in Resources */,
				2DCD7F9529B00914005536FA /* Poppins-BlackItalic.ttf in Resources */,
				2DCD7F9329B00914005536FA /* Poppins-ExtraBoldItalic.ttf in Resources */,
				2DCD7F8F29B00914005536FA /* Poppins-BoldItalic.ttf in Resources */,
				2DCD7F9229B00914005536FA /* Poppins-SemiBoldItalic.ttf in Resources */,
				2DCD7F9629B00914005536FA /* OFL.txt in Resources */,
				2DCD7F9729B00914005536FA /* Poppins-Regular.ttf in Resources */,
				2DCD7F9429B00914005536FA /* Poppins-ExtraBold.ttf in Resources */,
				2DCD7F9129B00914005536FA /* Poppins-Medium.ttf in Resources */,
				2DCD7F3D29AFD8D3005536FA /* LaunchScreen.storyboard in Resources */,
				2DCD7F9D29B00914005536FA /* Poppins-Italic.ttf in Resources */,
				2DCD7F9E29B00914005536FA /* Poppins-MediumItalic.ttf in Resources */,
				2DCD7F3A29AFD8D3005536FA /* Assets.xcassets in Resources */,
			);
			runOnlyForDeploymentPostprocessing = 0;
		};
/* End PBXResourcesBuildPhase section */

/* Begin PBXSourcesBuildPhase section */
		2DCD7F2929AFD8D2005536FA /* Sources */ = {
			isa = PBXSourcesBuildPhase;
			buildActionMask = 2147483647;
			files = (
				2DCD7F4929AFDA00005536FA /* BaseTabBarController.swift in Sources */,
				2DCD7F5329AFDA8B005536FA /* NotificationController.swift in Sources */,
				2DCD7F5129AFDA75005536FA /* SearchController.swift in Sources */,
				2DD2B73729B12451008BB5EF /* MockNotifications.swift in Sources */,
				2DD2B73929B12560008BB5EF /* NotificationCell.swift in Sources */,
				2DCD7F6F29AFF19E005536FA /* MockPosts.swift in Sources */,
				2DCD7F7729AFFE94005536FA /* HorizontalStack.swift in Sources */,
				2DD2B72F29B09A18008BB5EF /* CustomSplitView.swift in Sources */,
				2DCD7FA229B0133F005536FA /* String+.swift in Sources */,
				2DCD7F6C29AFF148005536FA /* Post.swift in Sources */,
				2DCD7F4F29AFDA65005536FA /* HomeTableController.swift in Sources */,
				2DCD7F6329AFECDF005536FA /* UIButton+.swift in Sources */,
				2DCD7F7129AFF394005536FA /* PostCell.swift in Sources */,
				2DCD7F5529AFDA96005536FA /* MessageTableController.swift in Sources */,
				2DD2B72929B09172008BB5EF /* SearchTextField.swift in Sources */,
				2DD2B72B29B097C6008BB5EF /* NotificationNavigationController.swift in Sources */,
				2DD2B72329B0184D008BB5EF /* SearchNavigationControllerSearchNavController.swift in Sources */,
				2DCD7FA029B00BB0005536FA /* UIFont+.swift in Sources */,
				2DCD7F3129AFD8D2005536FA /* AppDelegate.swift in Sources */,
				2DCD7F6529AFED6A005536FA /* Divider.swift in Sources */,
				2DCD7F6729AFEDD9005536FA /* UIView+.swift in Sources */,
				2DCD7F7329AFFBBE005536FA /* UILabel+.swift in Sources */,
				2DD2B73329B123C4008BB5EF /* Notification.swift in Sources */,
				2DCD7F5929AFE3CF005536FA /* HomeNavigationController.swift in Sources */,
				2DCD7F7529AFFE23005536FA /* VerticalStack.swift in Sources */,
				2DCD7F3329AFD8D2005536FA /* SceneDelegate.swift in Sources */,
			);
			runOnlyForDeploymentPostprocessing = 0;
		};
/* End PBXSourcesBuildPhase section */

/* Begin PBXVariantGroup section */
		2DCD7F3B29AFD8D3005536FA /* LaunchScreen.storyboard */ = {
			isa = PBXVariantGroup;
			children = (
				2DCD7F3C29AFD8D3005536FA /* Base */,
			);
			name = LaunchScreen.storyboard;
			sourceTree = "<group>";
		};
/* End PBXVariantGroup section */

/* Begin XCBuildConfiguration section */
		2DCD7F3F29AFD8D3005536FA /* Debug */ = {
			isa = XCBuildConfiguration;
			buildSettings = {
				ALWAYS_SEARCH_USER_PATHS = NO;
				CLANG_ANALYZER_NONNULL = YES;
				CLANG_ANALYZER_NUMBER_OBJECT_CONVERSION = YES_AGGRESSIVE;
				CLANG_CXX_LANGUAGE_STANDARD = "gnu++20";
				CLANG_ENABLE_MODULES = YES;
				CLANG_ENABLE_OBJC_ARC = YES;
				CLANG_ENABLE_OBJC_WEAK = YES;
				CLANG_WARN_BLOCK_CAPTURE_AUTORELEASING = YES;
				CLANG_WARN_BOOL_CONVERSION = YES;
				CLANG_WARN_COMMA = YES;
				CLANG_WARN_CONSTANT_CONVERSION = YES;
				CLANG_WARN_DEPRECATED_OBJC_IMPLEMENTATIONS = YES;
				CLANG_WARN_DIRECT_OBJC_ISA_USAGE = YES_ERROR;
				CLANG_WARN_DOCUMENTATION_COMMENTS = YES;
				CLANG_WARN_EMPTY_BODY = YES;
				CLANG_WARN_ENUM_CONVERSION = YES;
				CLANG_WARN_INFINITE_RECURSION = YES;
				CLANG_WARN_INT_CONVERSION = YES;
				CLANG_WARN_NON_LITERAL_NULL_CONVERSION = YES;
				CLANG_WARN_OBJC_IMPLICIT_RETAIN_SELF = YES;
				CLANG_WARN_OBJC_LITERAL_CONVERSION = YES;
				CLANG_WARN_OBJC_ROOT_CLASS = YES_ERROR;
				CLANG_WARN_QUOTED_INCLUDE_IN_FRAMEWORK_HEADER = YES;
				CLANG_WARN_RANGE_LOOP_ANALYSIS = YES;
				CLANG_WARN_STRICT_PROTOTYPES = YES;
				CLANG_WARN_SUSPICIOUS_MOVE = YES;
				CLANG_WARN_UNGUARDED_AVAILABILITY = YES_AGGRESSIVE;
				CLANG_WARN_UNREACHABLE_CODE = YES;
				CLANG_WARN__DUPLICATE_METHOD_MATCH = YES;
				COPY_PHASE_STRIP = NO;
				DEBUG_INFORMATION_FORMAT = dwarf;
				ENABLE_STRICT_OBJC_MSGSEND = YES;
				ENABLE_TESTABILITY = YES;
				GCC_C_LANGUAGE_STANDARD = gnu11;
				GCC_DYNAMIC_NO_PIC = NO;
				GCC_NO_COMMON_BLOCKS = YES;
				GCC_OPTIMIZATION_LEVEL = 0;
				GCC_PREPROCESSOR_DEFINITIONS = (
					"DEBUG=1",
					"$(inherited)",
				);
				GCC_WARN_64_TO_32_BIT_CONVERSION = YES;
				GCC_WARN_ABOUT_RETURN_TYPE = YES_ERROR;
				GCC_WARN_UNDECLARED_SELECTOR = YES;
				GCC_WARN_UNINITIALIZED_AUTOS = YES_AGGRESSIVE;
				GCC_WARN_UNUSED_FUNCTION = YES;
				GCC_WARN_UNUSED_VARIABLE = YES;
				IPHONEOS_DEPLOYMENT_TARGET = 16.2;
				MTL_ENABLE_DEBUG_INFO = INCLUDE_SOURCE;
				MTL_FAST_MATH = YES;
				ONLY_ACTIVE_ARCH = YES;
				SDKROOT = iphoneos;
				SWIFT_ACTIVE_COMPILATION_CONDITIONS = DEBUG;
				SWIFT_OPTIMIZATION_LEVEL = "-Onone";
			};
			name = Debug;
		};
		2DCD7F4029AFD8D3005536FA /* Release */ = {
			isa = XCBuildConfiguration;
			buildSettings = {
				ALWAYS_SEARCH_USER_PATHS = NO;
				CLANG_ANALYZER_NONNULL = YES;
				CLANG_ANALYZER_NUMBER_OBJECT_CONVERSION = YES_AGGRESSIVE;
				CLANG_CXX_LANGUAGE_STANDARD = "gnu++20";
				CLANG_ENABLE_MODULES = YES;
				CLANG_ENABLE_OBJC_ARC = YES;
				CLANG_ENABLE_OBJC_WEAK = YES;
				CLANG_WARN_BLOCK_CAPTURE_AUTORELEASING = YES;
				CLANG_WARN_BOOL_CONVERSION = YES;
				CLANG_WARN_COMMA = YES;
				CLANG_WARN_CONSTANT_CONVERSION = YES;
				CLANG_WARN_DEPRECATED_OBJC_IMPLEMENTATIONS = YES;
				CLANG_WARN_DIRECT_OBJC_ISA_USAGE = YES_ERROR;
				CLANG_WARN_DOCUMENTATION_COMMENTS = YES;
				CLANG_WARN_EMPTY_BODY = YES;
				CLANG_WARN_ENUM_CONVERSION = YES;
				CLANG_WARN_INFINITE_RECURSION = YES;
				CLANG_WARN_INT_CONVERSION = YES;
				CLANG_WARN_NON_LITERAL_NULL_CONVERSION = YES;
				CLANG_WARN_OBJC_IMPLICIT_RETAIN_SELF = YES;
				CLANG_WARN_OBJC_LITERAL_CONVERSION = YES;
				CLANG_WARN_OBJC_ROOT_CLASS = YES_ERROR;
				CLANG_WARN_QUOTED_INCLUDE_IN_FRAMEWORK_HEADER = YES;
				CLANG_WARN_RANGE_LOOP_ANALYSIS = YES;
				CLANG_WARN_STRICT_PROTOTYPES = YES;
				CLANG_WARN_SUSPICIOUS_MOVE = YES;
				CLANG_WARN_UNGUARDED_AVAILABILITY = YES_AGGRESSIVE;
				CLANG_WARN_UNREACHABLE_CODE = YES;
				CLANG_WARN__DUPLICATE_METHOD_MATCH = YES;
				COPY_PHASE_STRIP = NO;
				DEBUG_INFORMATION_FORMAT = "dwarf-with-dsym";
				ENABLE_NS_ASSERTIONS = NO;
				ENABLE_STRICT_OBJC_MSGSEND = YES;
				GCC_C_LANGUAGE_STANDARD = gnu11;
				GCC_NO_COMMON_BLOCKS = YES;
				GCC_WARN_64_TO_32_BIT_CONVERSION = YES;
				GCC_WARN_ABOUT_RETURN_TYPE = YES_ERROR;
				GCC_WARN_UNDECLARED_SELECTOR = YES;
				GCC_WARN_UNINITIALIZED_AUTOS = YES_AGGRESSIVE;
				GCC_WARN_UNUSED_FUNCTION = YES;
				GCC_WARN_UNUSED_VARIABLE = YES;
				IPHONEOS_DEPLOYMENT_TARGET = 16.2;
				MTL_ENABLE_DEBUG_INFO = NO;
				MTL_FAST_MATH = YES;
				SDKROOT = iphoneos;
				SWIFT_COMPILATION_MODE = wholemodule;
				SWIFT_OPTIMIZATION_LEVEL = "-O";
				VALIDATE_PRODUCT = YES;
			};
			name = Release;
		};
		2DCD7F4229AFD8D3005536FA /* Debug */ = {
			isa = XCBuildConfiguration;
			buildSettings = {
				ASSETCATALOG_COMPILER_APPICON_NAME = AppIcon;
				ASSETCATALOG_COMPILER_GLOBAL_ACCENT_COLOR_NAME = AccentColor;
				CODE_SIGN_STYLE = Automatic;
				CURRENT_PROJECT_VERSION = 1;
				DEVELOPMENT_TEAM = HG8VJQPKXZ;
				GENERATE_INFOPLIST_FILE = YES;
				INFOPLIST_FILE = "Twitter-Clone/Resources/Info.plist";
				INFOPLIST_KEY_UIApplicationSupportsIndirectInputEvents = YES;
				INFOPLIST_KEY_UILaunchStoryboardName = LaunchScreen;
				INFOPLIST_KEY_UISupportedInterfaceOrientations = UIInterfaceOrientationPortrait;
				INFOPLIST_KEY_UISupportedInterfaceOrientations_iPad = "UIInterfaceOrientationLandscapeLeft UIInterfaceOrientationLandscapeRight UIInterfaceOrientationPortrait UIInterfaceOrientationPortraitUpsideDown";
				LD_RUNPATH_SEARCH_PATHS = (
					"$(inherited)",
					"@executable_path/Frameworks",
				);
				MARKETING_VERSION = 1.0;
				PRODUCT_BUNDLE_IDENTIFIER = "dev.nsemir.Twitter-Clone";
				PRODUCT_NAME = "$(TARGET_NAME)";
				SUPPORTED_PLATFORMS = "iphoneos iphonesimulator";
				SUPPORTS_MACCATALYST = NO;
				SUPPORTS_MAC_DESIGNED_FOR_IPHONE_IPAD = NO;
				SWIFT_EMIT_LOC_STRINGS = YES;
				SWIFT_VERSION = 5.0;
				TARGETED_DEVICE_FAMILY = 1;
			};
			name = Debug;
		};
		2DCD7F4329AFD8D3005536FA /* Release */ = {
			isa = XCBuildConfiguration;
			buildSettings = {
				ASSETCATALOG_COMPILER_APPICON_NAME = AppIcon;
				ASSETCATALOG_COMPILER_GLOBAL_ACCENT_COLOR_NAME = AccentColor;
				CODE_SIGN_STYLE = Automatic;
				CURRENT_PROJECT_VERSION = 1;
				DEVELOPMENT_TEAM = HG8VJQPKXZ;
				GENERATE_INFOPLIST_FILE = YES;
				INFOPLIST_FILE = "Twitter-Clone/Resources/Info.plist";
				INFOPLIST_KEY_UIApplicationSupportsIndirectInputEvents = YES;
				INFOPLIST_KEY_UILaunchStoryboardName = LaunchScreen;
				INFOPLIST_KEY_UISupportedInterfaceOrientations = UIInterfaceOrientationPortrait;
				INFOPLIST_KEY_UISupportedInterfaceOrientations_iPad = "UIInterfaceOrientationLandscapeLeft UIInterfaceOrientationLandscapeRight UIInterfaceOrientationPortrait UIInterfaceOrientationPortraitUpsideDown";
				LD_RUNPATH_SEARCH_PATHS = (
					"$(inherited)",
					"@executable_path/Frameworks",
				);
				MARKETING_VERSION = 1.0;
				PRODUCT_BUNDLE_IDENTIFIER = "dev.nsemir.Twitter-Clone";
				PRODUCT_NAME = "$(TARGET_NAME)";
				SUPPORTED_PLATFORMS = "iphoneos iphonesimulator";
				SUPPORTS_MACCATALYST = NO;
				SUPPORTS_MAC_DESIGNED_FOR_IPHONE_IPAD = NO;
				SWIFT_EMIT_LOC_STRINGS = YES;
				SWIFT_VERSION = 5.0;
				TARGETED_DEVICE_FAMILY = 1;
			};
			name = Release;
		};
/* End XCBuildConfiguration section */

/* Begin XCConfigurationList section */
		2DCD7F2829AFD8D2005536FA /* Build configuration list for PBXProject "Twitter-Clone" */ = {
			isa = XCConfigurationList;
			buildConfigurations = (
				2DCD7F3F29AFD8D3005536FA /* Debug */,
				2DCD7F4029AFD8D3005536FA /* Release */,
			);
			defaultConfigurationIsVisible = 0;
			defaultConfigurationName = Release;
		};
		2DCD7F4129AFD8D3005536FA /* Build configuration list for PBXNativeTarget "Twitter-Clone" */ = {
			isa = XCConfigurationList;
			buildConfigurations = (
				2DCD7F4229AFD8D3005536FA /* Debug */,
				2DCD7F4329AFD8D3005536FA /* Release */,
			);
			defaultConfigurationIsVisible = 0;
			defaultConfigurationName = Release;
		};
/* End XCConfigurationList section */

/* Begin XCRemoteSwiftPackageReference section */
		2DCD7F5E29AFE907005536FA /* XCRemoteSwiftPackageReference "SnapKit" */ = {
			isa = XCRemoteSwiftPackageReference;
			repositoryURL = "https://github.com/SnapKit/SnapKit.git";
			requirement = {
				kind = upToNextMajorVersion;
				minimumVersion = 5.0.0;
			};
		};
/* End XCRemoteSwiftPackageReference section */

/* Begin XCSwiftPackageProductDependency section */
		2DCD7F5F29AFE907005536FA /* SnapKit */ = {
			isa = XCSwiftPackageProductDependency;
			package = 2DCD7F5E29AFE907005536FA /* XCRemoteSwiftPackageReference "SnapKit" */;
			productName = SnapKit;
		};
/* End XCSwiftPackageProductDependency section */
	};
	rootObject = 2DCD7F2529AFD8D2005536FA /* Project object */;
}
